{
  "name": "vesta-template-cmn",
  "version": "0.2.0",
  "lockfileVersion": 1,
  "requires": true,
  "dependencies": {
    "@vesta/core": {
      "version": "2.0.13",
      "resolved": "https://registry.npmjs.org/@vesta/core/-/core-2.0.13.tgz",
      "integrity": "sha512-M/A/zts4CjeFJkhs0WpNQhY/UGflgGe46E7QDpnszyE3yplxLeVi6VUR/JMs0EiiiW751wquLXp+vOo2lGP25w=="
    },
    "@vesta/services": {
      "version": "0.4.0",
      "resolved": "https://registry.npmjs.org/@vesta/services/-/services-0.4.0.tgz",
      "integrity": "sha512-Q6ujoOz1/AgLP3NpZK3zAZx9UKgiESmuNs1/66y5p9GZNizZQ2i7HMxcRuh0hOaRCyTqoRxOm2BOIaWheWi3vw=="
    }
  }
}
